// !$*UTF8*$!
{
	archiveVersion = 1;
	classes = {
	};
	objectVersion = 51;
	objects = {

/* Begin PBXBuildFile section */
		4D2903E6CCA26971CFC73024 /* Pods_IOS_UI_IOS_UIUITests.framework in Frameworks */ = {isa = PBXBuildFile; fileRef = 76AD09D8304CAEB0F8AE00C7 /* Pods_IOS_UI_IOS_UIUITests.framework */; };
		854B62AA24E2445C00797E80 /* AppDelegate.m in Sources */ = {isa = PBXBuildFile; fileRef = 854B62A924E2445C00797E80 /* AppDelegate.m */; };
		854B62AD24E2445C00797E80 /* SceneDelegate.m in Sources */ = {isa = PBXBuildFile; fileRef = 854B62AC24E2445C00797E80 /* SceneDelegate.m */; };
		854B62B024E2445C00797E80 /* ViewController.m in Sources */ = {isa = PBXBuildFile; fileRef = 854B62AF24E2445C00797E80 /* ViewController.m */; };
		854B62B324E2445C00797E80 /* Main.storyboard in Resources */ = {isa = PBXBuildFile; fileRef = 854B62B124E2445C00797E80 /* Main.storyboard */; };
		854B62B524E2445F00797E80 /* Assets.xcassets in Resources */ = {isa = PBXBuildFile; fileRef = 854B62B424E2445F00797E80 /* Assets.xcassets */; };
		854B62B824E2445F00797E80 /* LaunchScreen.storyboard in Resources */ = {isa = PBXBuildFile; fileRef = 854B62B624E2445F00797E80 /* LaunchScreen.storyboard */; };
		854B62BB24E2445F00797E80 /* main.m in Sources */ = {isa = PBXBuildFile; fileRef = 854B62BA24E2445F00797E80 /* main.m */; };
		854B62C524E2445F00797E80 /* IOS_UITests.m in Sources */ = {isa = PBXBuildFile; fileRef = 854B62C424E2445F00797E80 /* IOS_UITests.m */; };
		854B62D024E2445F00797E80 /* IOS_UIUITests.m in Sources */ = {isa = PBXBuildFile; fileRef = 854B62CF24E2445F00797E80 /* IOS_UIUITests.m */; };
		854B62DF24E246C500797E80 /* TableViewCell.m in Sources */ = {isa = PBXBuildFile; fileRef = 854B62DE24E246C500797E80 /* TableViewCell.m */; };
		854B62EE24E28ED700797E80 /* YYWeakProxy.m in Sources */ = {isa = PBXBuildFile; fileRef = 854B62EA24E28ED700797E80 /* YYWeakProxy.m */; };
		854B62EF24E28ED700797E80 /* YYFPSLabel.m in Sources */ = {isa = PBXBuildFile; fileRef = 854B62EC24E28ED700797E80 /* YYFPSLabel.m */; };
		CB89819ACFCA434FF26E6B2A /* Pods_IOS_UITests.framework in Frameworks */ = {isa = PBXBuildFile; fileRef = A3F19D95B3E3AF5B7F3535D0 /* Pods_IOS_UITests.framework */; };
		D4F50429B72D9C81FEDA4ED9 /* Pods_IOS_UI.framework in Frameworks */ = {isa = PBXBuildFile; fileRef = C066FEF9069BA6B7546F726C /* Pods_IOS_UI.framework */; };
/* End PBXBuildFile section */

/* Begin PBXContainerItemProxy section */
		854B62C124E2445F00797E80 /* PBXContainerItemProxy */ = {
			isa = PBXContainerItemProxy;
			containerPortal = 854B629D24E2445C00797E80 /* Project object */;
			proxyType = 1;
			remoteGlobalIDString = 854B62A424E2445C00797E80;
			remoteInfo = IOS_UI;
		};
		854B62CC24E2445F00797E80 /* PBXContainerItemProxy */ = {
			isa = PBXContainerItemProxy;
			containerPortal = 854B629D24E2445C00797E80 /* Project object */;
			proxyType = 1;
			remoteGlobalIDString = 854B62A424E2445C00797E80;
			remoteInfo = IOS_UI;
		};
/* End PBXContainerItemProxy section */

/* Begin PBXFileReference section */
		1F159CB382A95EE319D56C83 /* Pods-IOS_UI.debug.xcconfig */ = {isa = PBXFileReference; includeInIndex = 1; lastKnownFileType = text.xcconfig; name = "Pods-IOS_UI.debug.xcconfig"; path = "Target Support Files/Pods-IOS_UI/Pods-IOS_UI.debug.xcconfig"; sourceTree = "<group>"; };
		2664A078F4BA8F8718E712F8 /* Pods-IOS_UI.release.xcconfig */ = {isa = PBXFileReference; includeInIndex = 1; lastKnownFileType = text.xcconfig; name = "Pods-IOS_UI.release.xcconfig"; path = "Target Support Files/Pods-IOS_UI/Pods-IOS_UI.release.xcconfig"; sourceTree = "<group>"; };
		76AD09D8304CAEB0F8AE00C7 /* Pods_IOS_UI_IOS_UIUITests.framework */ = {isa = PBXFileReference; explicitFileType = wrapper.framework; includeInIndex = 0; path = Pods_IOS_UI_IOS_UIUITests.framework; sourceTree = BUILT_PRODUCTS_DIR; };
		854B62A524E2445C00797E80 /* IOS_UI.app */ = {isa = PBXFileReference; explicitFileType = wrapper.application; includeInIndex = 0; path = IOS_UI.app; sourceTree = BUILT_PRODUCTS_DIR; };
		854B62A824E2445C00797E80 /* AppDelegate.h */ = {isa = PBXFileReference; lastKnownFileType = sourcecode.c.h; path = AppDelegate.h; sourceTree = "<group>"; };
		854B62A924E2445C00797E80 /* AppDelegate.m */ = {isa = PBXFileReference; lastKnownFileType = sourcecode.c.objc; path = AppDelegate.m; sourceTree = "<group>"; };
		854B62AB24E2445C00797E80 /* SceneDelegate.h */ = {isa = PBXFileReference; lastKnownFileType = sourcecode.c.h; path = SceneDelegate.h; sourceTree = "<group>"; };
		854B62AC24E2445C00797E80 /* SceneDelegate.m */ = {isa = PBXFileReference; lastKnownFileType = sourcecode.c.objc; path = SceneDelegate.m; sourceTree = "<group>"; };
		854B62AE24E2445C00797E80 /* ViewController.h */ = {isa = PBXFileReference; lastKnownFileType = sourcecode.c.h; path = ViewController.h; sourceTree = "<group>"; };
		854B62AF24E2445C00797E80 /* ViewController.m */ = {isa = PBXFileReference; lastKnownFileType = sourcecode.c.objc; path = ViewController.m; sourceTree = "<group>"; };
		854B62B224E2445C00797E80 /* Base */ = {isa = PBXFileReference; lastKnownFileType = file.storyboard; name = Base; path = Base.lproj/Main.storyboard; sourceTree = "<group>"; };
		854B62B424E2445F00797E80 /* Assets.xcassets */ = {isa = PBXFileReference; lastKnownFileType = folder.assetcatalog; path = Assets.xcassets; sourceTree = "<group>"; };
		854B62B724E2445F00797E80 /* Base */ = {isa = PBXFileReference; lastKnownFileType = file.storyboard; name = Base; path = Base.lproj/LaunchScreen.storyboard; sourceTree = "<group>"; };
		854B62B924E2445F00797E80 /* Info.plist */ = {isa = PBXFileReference; lastKnownFileType = text.plist.xml; path = Info.plist; sourceTree = "<group>"; };
		854B62BA24E2445F00797E80 /* main.m */ = {isa = PBXFileReference; lastKnownFileType = sourcecode.c.objc; path = main.m; sourceTree = "<group>"; };
		854B62C024E2445F00797E80 /* IOS_UITests.xctest */ = {isa = PBXFileReference; explicitFileType = wrapper.cfbundle; includeInIndex = 0; path = IOS_UITests.xctest; sourceTree = BUILT_PRODUCTS_DIR; };
		854B62C424E2445F00797E80 /* IOS_UITests.m */ = {isa = PBXFileReference; lastKnownFileType = sourcecode.c.objc; path = IOS_UITests.m; sourceTree = "<group>"; };
		854B62C624E2445F00797E80 /* Info.plist */ = {isa = PBXFileReference; lastKnownFileType = text.plist.xml; path = Info.plist; sourceTree = "<group>"; };
		854B62CB24E2445F00797E80 /* IOS_UIUITests.xctest */ = {isa = PBXFileReference; explicitFileType = wrapper.cfbundle; includeInIndex = 0; path = IOS_UIUITests.xctest; sourceTree = BUILT_PRODUCTS_DIR; };
		854B62CF24E2445F00797E80 /* IOS_UIUITests.m */ = {isa = PBXFileReference; lastKnownFileType = sourcecode.c.objc; path = IOS_UIUITests.m; sourceTree = "<group>"; };
		854B62D124E2445F00797E80 /* Info.plist */ = {isa = PBXFileReference; lastKnownFileType = text.plist.xml; path = Info.plist; sourceTree = "<group>"; };
		854B62DD24E246C500797E80 /* TableViewCell.h */ = {isa = PBXFileReference; lastKnownFileType = sourcecode.c.h; path = TableViewCell.h; sourceTree = "<group>"; };
		854B62DE24E246C500797E80 /* TableViewCell.m */ = {isa = PBXFileReference; lastKnownFileType = sourcecode.c.objc; path = TableViewCell.m; sourceTree = "<group>"; };
		854B62EA24E28ED700797E80 /* YYWeakProxy.m */ = {isa = PBXFileReference; fileEncoding = 4; lastKnownFileType = sourcecode.c.objc; path = YYWeakProxy.m; sourceTree = "<group>"; };
		854B62EB24E28ED700797E80 /* YYFPSLabel.h */ = {isa = PBXFileReference; fileEncoding = 4; lastKnownFileType = sourcecode.c.h; path = YYFPSLabel.h; sourceTree = "<group>"; };
		854B62EC24E28ED700797E80 /* YYFPSLabel.m */ = {isa = PBXFileReference; fileEncoding = 4; lastKnownFileType = sourcecode.c.objc; path = YYFPSLabel.m; sourceTree = "<group>"; };
		854B62ED24E28ED700797E80 /* YYWeakProxy.h */ = {isa = PBXFileReference; fileEncoding = 4; lastKnownFileType = sourcecode.c.h; path = YYWeakProxy.h; sourceTree = "<group>"; };
		8E7461B101C1D2A16345AF99 /* Pods-IOS_UI-IOS_UIUITests.release.xcconfig */ = {isa = PBXFileReference; includeInIndex = 1; lastKnownFileType = text.xcconfig; name = "Pods-IOS_UI-IOS_UIUITests.release.xcconfig"; path = "Target Support Files/Pods-IOS_UI-IOS_UIUITests/Pods-IOS_UI-IOS_UIUITests.release.xcconfig"; sourceTree = "<group>"; };
		A3F19D95B3E3AF5B7F3535D0 /* Pods_IOS_UITests.framework */ = {isa = PBXFileReference; explicitFileType = wrapper.framework; includeInIndex = 0; path = Pods_IOS_UITests.framework; sourceTree = BUILT_PRODUCTS_DIR; };
		BB245E5707667E0517D06E6C /* Pods-IOS_UITests.debug.xcconfig */ = {isa = PBXFileReference; includeInIndex = 1; lastKnownFileType = text.xcconfig; name = "Pods-IOS_UITests.debug.xcconfig"; path = "Target Support Files/Pods-IOS_UITests/Pods-IOS_UITests.debug.xcconfig"; sourceTree = "<group>"; };
		C066FEF9069BA6B7546F726C /* Pods_IOS_UI.framework */ = {isa = PBXFileReference; explicitFileType = wrapper.framework; includeInIndex = 0; path = Pods_IOS_UI.framework; sourceTree = BUILT_PRODUCTS_DIR; };
		DBE12FE60DAB06952DEB373C /* Pods-IOS_UITests.release.xcconfig */ = {isa = PBXFileReference; includeInIndex = 1; lastKnownFileType = text.xcconfig; name = "Pods-IOS_UITests.release.xcconfig"; path = "Target Support Files/Pods-IOS_UITests/Pods-IOS_UITests.release.xcconfig"; sourceTree = "<group>"; };
		E9A64BACC82B159FC56DF03C /* Pods-IOS_UI-IOS_UIUITests.debug.xcconfig */ = {isa = PBXFileReference; includeInIndex = 1; lastKnownFileType = text.xcconfig; name = "Pods-IOS_UI-IOS_UIUITests.debug.xcconfig"; path = "Target Support Files/Pods-IOS_UI-IOS_UIUITests/Pods-IOS_UI-IOS_UIUITests.debug.xcconfig"; sourceTree = "<group>"; };
/* End PBXFileReference section */

/* Begin PBXFrameworksBuildPhase section */
		854B62A224E2445C00797E80 /* Frameworks */ = {
			isa = PBXFrameworksBuildPhase;
			buildActionMask = 2147483647;
			files = (
				D4F50429B72D9C81FEDA4ED9 /* Pods_IOS_UI.framework in Frameworks */,
			);
			runOnlyForDeploymentPostprocessing = 0;
		};
		854B62BD24E2445F00797E80 /* Frameworks */ = {
			isa = PBXFrameworksBuildPhase;
			buildActionMask = 2147483647;
			files = (
				CB89819ACFCA434FF26E6B2A /* Pods_IOS_UITests.framework in Frameworks */,
			);
			runOnlyForDeploymentPostprocessing = 0;
		};
		854B62C824E2445F00797E80 /* Frameworks */ = {
			isa = PBXFrameworksBuildPhase;
			buildActionMask = 2147483647;
			files = (
				4D2903E6CCA26971CFC73024 /* Pods_IOS_UI_IOS_UIUITests.framework in Frameworks */,
			);
			runOnlyForDeploymentPostprocessing = 0;
		};
/* End PBXFrameworksBuildPhase section */

/* Begin PBXGroup section */
		6062124078D2BD24D1BF4826 /* Pods */ = {
			isa = PBXGroup;
			children = (
				1F159CB382A95EE319D56C83 /* Pods-IOS_UI.debug.xcconfig */,
				2664A078F4BA8F8718E712F8 /* Pods-IOS_UI.release.xcconfig */,
				E9A64BACC82B159FC56DF03C /* Pods-IOS_UI-IOS_UIUITests.debug.xcconfig */,
				8E7461B101C1D2A16345AF99 /* Pods-IOS_UI-IOS_UIUITests.release.xcconfig */,
				BB245E5707667E0517D06E6C /* Pods-IOS_UITests.debug.xcconfig */,
				DBE12FE60DAB06952DEB373C /* Pods-IOS_UITests.release.xcconfig */,
			);
			path = Pods;
			sourceTree = "<group>";
		};
		71366C637F5C1D5D58C78D98 /* Frameworks */ = {
			isa = PBXGroup;
			children = (
				C066FEF9069BA6B7546F726C /* Pods_IOS_UI.framework */,
				76AD09D8304CAEB0F8AE00C7 /* Pods_IOS_UI_IOS_UIUITests.framework */,
				A3F19D95B3E3AF5B7F3535D0 /* Pods_IOS_UITests.framework */,
			);
			name = Frameworks;
			sourceTree = "<group>";
		};
		854B629C24E2445C00797E80 = {
			isa = PBXGroup;
			children = (
				854B62A724E2445C00797E80 /* IOS_UI */,
				854B62C324E2445F00797E80 /* IOS_UITests */,
				854B62CE24E2445F00797E80 /* IOS_UIUITests */,
				854B62A624E2445C00797E80 /* Products */,
				6062124078D2BD24D1BF4826 /* Pods */,
				71366C637F5C1D5D58C78D98 /* Frameworks */,
			);
			sourceTree = "<group>";
		};
		854B62A624E2445C00797E80 /* Products */ = {
			isa = PBXGroup;
			children = (
				854B62A524E2445C00797E80 /* IOS_UI.app */,
				854B62C024E2445F00797E80 /* IOS_UITests.xctest */,
				854B62CB24E2445F00797E80 /* IOS_UIUITests.xctest */,
			);
			name = Products;
			sourceTree = "<group>";
		};
		854B62A724E2445C00797E80 /* IOS_UI */ = {
			isa = PBXGroup;
			children = (
				854B62A824E2445C00797E80 /* AppDelegate.h */,
				854B62A924E2445C00797E80 /* AppDelegate.m */,
				854B62AB24E2445C00797E80 /* SceneDelegate.h */,
				854B62AC24E2445C00797E80 /* SceneDelegate.m */,
				854B62AE24E2445C00797E80 /* ViewController.h */,
				854B62AF24E2445C00797E80 /* ViewController.m */,
				854B62DD24E246C500797E80 /* TableViewCell.h */,
				854B62DE24E246C500797E80 /* TableViewCell.m */,
				854B62E924E28ED700797E80 /* YYFPSLabel */,
				854B62B124E2445C00797E80 /* Main.storyboard */,
				854B62B424E2445F00797E80 /* Assets.xcassets */,
				854B62B624E2445F00797E80 /* LaunchScreen.storyboard */,
				854B62B924E2445F00797E80 /* Info.plist */,
				854B62BA24E2445F00797E80 /* main.m */,
			);
			path = IOS_UI;
			sourceTree = "<group>";
		};
		854B62C324E2445F00797E80 /* IOS_UITests */ = {
			isa = PBXGroup;
			children = (
				854B62C424E2445F00797E80 /* IOS_UITests.m */,
				854B62C624E2445F00797E80 /* Info.plist */,
			);
			path = IOS_UITests;
			sourceTree = "<group>";
		};
		854B62CE24E2445F00797E80 /* IOS_UIUITests */ = {
			isa = PBXGroup;
			children = (
				854B62CF24E2445F00797E80 /* IOS_UIUITests.m */,
				854B62D124E2445F00797E80 /* Info.plist */,
			);
			path = IOS_UIUITests;
			sourceTree = "<group>";
		};
		854B62E924E28ED700797E80 /* YYFPSLabel */ = {
			isa = PBXGroup;
			children = (
				854B62EA24E28ED700797E80 /* YYWeakProxy.m */,
				854B62EB24E28ED700797E80 /* YYFPSLabel.h */,
				854B62EC24E28ED700797E80 /* YYFPSLabel.m */,
				854B62ED24E28ED700797E80 /* YYWeakProxy.h */,
			);
			path = YYFPSLabel;
			sourceTree = "<group>";
		};
/* End PBXGroup section */

/* Begin PBXNativeTarget section */
		854B62A424E2445C00797E80 /* IOS_UI */ = {
			isa = PBXNativeTarget;
			buildConfigurationList = 854B62D424E2445F00797E80 /* Build configuration list for PBXNativeTarget "IOS_UI" */;
			buildPhases = (
				944DB93D9152F992D1BC854D /* [CP] Check Pods Manifest.lock */,
				854B62A124E2445C00797E80 /* Sources */,
				854B62A224E2445C00797E80 /* Frameworks */,
				854B62A324E2445C00797E80 /* Resources */,
				0F3433D5441E3A368D6052FC /* [CP] Embed Pods Frameworks */,
			);
			buildRules = (
			);
			dependencies = (
			);
			name = IOS_UI;
			productName = IOS_UI;
			productReference = 854B62A524E2445C00797E80 /* IOS_UI.app */;
			productType = "com.apple.product-type.application";
		};
		854B62BF24E2445F00797E80 /* IOS_UITests */ = {
			isa = PBXNativeTarget;
			buildConfigurationList = 854B62D724E2445F00797E80 /* Build configuration list for PBXNativeTarget "IOS_UITests" */;
			buildPhases = (
				4E9891DCBFDC099F91907D7E /* [CP] Check Pods Manifest.lock */,
				854B62BC24E2445F00797E80 /* Sources */,
				854B62BD24E2445F00797E80 /* Frameworks */,
				854B62BE24E2445F00797E80 /* Resources */,
			);
			buildRules = (
			);
			dependencies = (
				854B62C224E2445F00797E80 /* PBXTargetDependency */,
			);
			name = IOS_UITests;
			productName = IOS_UITests;
			productReference = 854B62C024E2445F00797E80 /* IOS_UITests.xctest */;
			productType = "com.apple.product-type.bundle.unit-test";
		};
		854B62CA24E2445F00797E80 /* IOS_UIUITests */ = {
			isa = PBXNativeTarget;
			buildConfigurationList = 854B62DA24E2445F00797E80 /* Build configuration list for PBXNativeTarget "IOS_UIUITests" */;
			buildPhases = (
				5F03E68B2717CD5F1185EC96 /* [CP] Check Pods Manifest.lock */,
				854B62C724E2445F00797E80 /* Sources */,
				854B62C824E2445F00797E80 /* Frameworks */,
				854B62C924E2445F00797E80 /* Resources */,
				81A4BB0BC0EFAFA914D03AAA /* [CP] Embed Pods Frameworks */,
			);
			buildRules = (
			);
			dependencies = (
				854B62CD24E2445F00797E80 /* PBXTargetDependency */,
			);
			name = IOS_UIUITests;
			productName = IOS_UIUITests;
			productReference = 854B62CB24E2445F00797E80 /* IOS_UIUITests.xctest */;
			productType = "com.apple.product-type.bundle.ui-testing";
		};
/* End PBXNativeTarget section */

/* Begin PBXProject section */
		854B629D24E2445C00797E80 /* Project object */ = {
			isa = PBXProject;
			attributes = {
				LastUpgradeCheck = 1160;
				ORGANIZATIONNAME = xmt;
				TargetAttributes = {
					854B62A424E2445C00797E80 = {
						CreatedOnToolsVersion = 11.6;
					};
					854B62BF24E2445F00797E80 = {
						CreatedOnToolsVersion = 11.6;
						TestTargetID = 854B62A424E2445C00797E80;
					};
					854B62CA24E2445F00797E80 = {
						CreatedOnToolsVersion = 11.6;
						TestTargetID = 854B62A424E2445C00797E80;
					};
				};
			};
			buildConfigurationList = 854B62A024E2445C00797E80 /* Build configuration list for PBXProject "IOS_UI" */;
			compatibilityVersion = "Xcode 9.3";
			developmentRegion = en;
			hasScannedForEncodings = 0;
			knownRegions = (
				en,
				Base,
			);
			mainGroup = 854B629C24E2445C00797E80;
			productRefGroup = 854B62A624E2445C00797E80 /* Products */;
			projectDirPath = "";
			projectRoot = "";
			targets = (
				854B62A424E2445C00797E80 /* IOS_UI */,
				854B62BF24E2445F00797E80 /* IOS_UITests */,
				854B62CA24E2445F00797E80 /* IOS_UIUITests */,
			);
		};
/* End PBXProject section */

/* Begin PBXResourcesBuildPhase section */
		854B62A324E2445C00797E80 /* Resources */ = {
			isa = PBXResourcesBuildPhase;
			buildActionMask = 2147483647;
			files = (
				854B62B824E2445F00797E80 /* LaunchScreen.storyboard in Resources */,
				854B62B524E2445F00797E80 /* Assets.xcassets in Resources */,
				854B62B324E2445C00797E80 /* Main.storyboard in Resources */,
			);
			runOnlyForDeploymentPostprocessing = 0;
		};
		854B62BE24E2445F00797E80 /* Resources */ = {
			isa = PBXResourcesBuildPhase;
			buildActionMask = 2147483647;
			files = (
			);
			runOnlyForDeploymentPostprocessing = 0;
		};
		854B62C924E2445F00797E80 /* Resources */ = {
			isa = PBXResourcesBuildPhase;
			buildActionMask = 2147483647;
			files = (
			);
			runOnlyForDeploymentPostprocessing = 0;
		};
/* End PBXResourcesBuildPhase section */

/* Begin PBXShellScriptBuildPhase section */
		0F3433D5441E3A368D6052FC /* [CP] Embed Pods Frameworks */ = {
			isa = PBXShellScriptBuildPhase;
			buildActionMask = 2147483647;
			files = (
			);
			inputFileListPaths = (
				"${PODS_ROOT}/Target Support Files/Pods-IOS_UI/Pods-IOS_UI-frameworks-${CONFIGURATION}-input-files.xcfilelist",
			);
			name = "[CP] Embed Pods Frameworks";
			outputFileListPaths = (
				"${PODS_ROOT}/Target Support Files/Pods-IOS_UI/Pods-IOS_UI-frameworks-${CONFIGURATION}-output-files.xcfilelist",
			);
			runOnlyForDeploymentPostprocessing = 0;
			shellPath = /bin/sh;
			shellScript = "\"${PODS_ROOT}/Target Support Files/Pods-IOS_UI/Pods-IOS_UI-frameworks.sh\"\n";
			showEnvVarsInLog = 0;
		};
		4E9891DCBFDC099F91907D7E /* [CP] Check Pods Manifest.lock */ = {
			isa = PBXShellScriptBuildPhase;
			buildActionMask = 2147483647;
			files = (
			);
			inputFileListPaths = (
			);
			inputPaths = (
				"${PODS_PODFILE_DIR_PATH}/Podfile.lock",
				"${PODS_ROOT}/Manifest.lock",
			);
			name = "[CP] Check Pods Manifest.lock";
			outputFileListPaths = (
			);
			outputPaths = (
				"$(DERIVED_FILE_DIR)/Pods-IOS_UITests-checkManifestLockResult.txt",
			);
			runOnlyForDeploymentPostprocessing = 0;
			shellPath = /bin/sh;
			shellScript = "diff \"${PODS_PODFILE_DIR_PATH}/Podfile.lock\" \"${PODS_ROOT}/Manifest.lock\" > /dev/null\nif [ $? != 0 ] ; then\n    # print error to STDERR\n    echo \"error: The sandbox is not in sync with the Podfile.lock. Run 'pod install' or update your CocoaPods installation.\" >&2\n    exit 1\nfi\n# This output is used by Xcode 'outputs' to avoid re-running this script phase.\necho \"SUCCESS\" > \"${SCRIPT_OUTPUT_FILE_0}\"\n";
			showEnvVarsInLog = 0;
		};
		5F03E68B2717CD5F1185EC96 /* [CP] Check Pods Manifest.lock */ = {
			isa = PBXShellScriptBuildPhase;
			buildActionMask = 2147483647;
			files = (
			);
			inputFileListPaths = (
			);
			inputPaths = (
				"${PODS_PODFILE_DIR_PATH}/Podfile.lock",
				"${PODS_ROOT}/Manifest.lock",
			);
			name = "[CP] Check Pods Manifest.lock";
			outputFileListPaths = (
			);
			outputPaths = (
				"$(DERIVED_FILE_DIR)/Pods-IOS_UI-IOS_UIUITests-checkManifestLockResult.txt",
			);
			runOnlyForDeploymentPostprocessing = 0;
			shellPath = /bin/sh;
			shellScript = "diff \"${PODS_PODFILE_DIR_PATH}/Podfile.lock\" \"${PODS_ROOT}/Manifest.lock\" > /dev/null\nif [ $? != 0 ] ; then\n    # print error to STDERR\n    echo \"error: The sandbox is not in sync with the Podfile.lock. Run 'pod install' or update your CocoaPods installation.\" >&2\n    exit 1\nfi\n# This output is used by Xcode 'outputs' to avoid re-running this script phase.\necho \"SUCCESS\" > \"${SCRIPT_OUTPUT_FILE_0}\"\n";
			showEnvVarsInLog = 0;
		};
		81A4BB0BC0EFAFA914D03AAA /* [CP] Embed Pods Frameworks */ = {
			isa = PBXShellScriptBuildPhase;
			buildActionMask = 2147483647;
			files = (
			);
			inputFileListPaths = (
				"${PODS_ROOT}/Target Support Files/Pods-IOS_UI-IOS_UIUITests/Pods-IOS_UI-IOS_UIUITests-frameworks-${CONFIGURATION}-input-files.xcfilelist",
			);
			name = "[CP] Embed Pods Frameworks";
			outputFileListPaths = (
				"${PODS_ROOT}/Target Support Files/Pods-IOS_UI-IOS_UIUITests/Pods-IOS_UI-IOS_UIUITests-frameworks-${CONFIGURATION}-output-files.xcfilelist",
			);
			runOnlyForDeploymentPostprocessing = 0;
			shellPath = /bin/sh;
			shellScript = "\"${PODS_ROOT}/Target Support Files/Pods-IOS_UI-IOS_UIUITests/Pods-IOS_UI-IOS_UIUITests-frameworks.sh\"\n";
			showEnvVarsInLog = 0;
		};
		944DB93D9152F992D1BC854D /* [CP] Check Pods Manifest.lock */ = {
			isa = PBXShellScriptBuildPhase;
			buildActionMask = 2147483647;
			files = (
			);
			inputFileListPaths = (
			);
			inputPaths = (
				"${PODS_PODFILE_DIR_PATH}/Podfile.lock",
				"${PODS_ROOT}/Manifest.lock",
			);
			name = "[CP] Check Pods Manifest.lock";
			outputFileListPaths = (
			);
			outputPaths = (
				"$(DERIVED_FILE_DIR)/Pods-IOS_UI-checkManifestLockResult.txt",
			);
			runOnlyForDeploymentPostprocessing = 0;
			shellPath = /bin/sh;
			shellScript = "diff \"${PODS_PODFILE_DIR_PATH}/Podfile.lock\" \"${PODS_ROOT}/Manifest.lock\" > /dev/null\nif [ $? != 0 ] ; then\n    # print error to STDERR\n    echo \"error: The sandbox is not in sync with the Podfile.lock. Run 'pod install' or update your CocoaPods installation.\" >&2\n    exit 1\nfi\n# This output is used by Xcode 'outputs' to avoid re-running this script phase.\necho \"SUCCESS\" > \"${SCRIPT_OUTPUT_FILE_0}\"\n";
			showEnvVarsInLog = 0;
		};
/* End PBXShellScriptBuildPhase section */

/* Begin PBXSourcesBuildPhase section */
		854B62A124E2445C00797E80 /* Sources */ = {
			isa = PBXSourcesBuildPhase;
			buildActionMask = 2147483647;
			files = (
				854B62EF24E28ED700797E80 /* YYFPSLabel.m in Sources */,
				854B62B024E2445C00797E80 /* ViewController.m in Sources */,
				854B62AA24E2445C00797E80 /* AppDelegate.m in Sources */,
				854B62EE24E28ED700797E80 /* YYWeakProxy.m in Sources */,
				854B62BB24E2445F00797E80 /* main.m in Sources */,
				854B62DF24E246C500797E80 /* TableViewCell.m in Sources */,
				854B62AD24E2445C00797E80 /* SceneDelegate.m in Sources */,
			);
			runOnlyForDeploymentPostprocessing = 0;
		};
		854B62BC24E2445F00797E80 /* Sources */ = {
			isa = PBXSourcesBuildPhase;
			buildActionMask = 2147483647;
			files = (
				854B62C524E2445F00797E80 /* IOS_UITests.m in Sources */,
			);
			runOnlyForDeploymentPostprocessing = 0;
		};
		854B62C724E2445F00797E80 /* Sources */ = {
			isa = PBXSourcesBuildPhase;
			buildActionMask = 2147483647;
			files = (
				854B62D024E2445F00797E80 /* IOS_UIUITests.m in Sources */,
			);
			runOnlyForDeploymentPostprocessing = 0;
		};
/* End PBXSourcesBuildPhase section */

/* Begin PBXTargetDependency section */
		854B62C224E2445F00797E80 /* PBXTargetDependency */ = {
			isa = PBXTargetDependency;
			target = 854B62A424E2445C00797E80 /* IOS_UI */;
			targetProxy = 854B62C124E2445F00797E80 /* PBXContainerItemProxy */;
		};
		854B62CD24E2445F00797E80 /* PBXTargetDependency */ = {
			isa = PBXTargetDependency;
			target = 854B62A424E2445C00797E80 /* IOS_UI */;
			targetProxy = 854B62CC24E2445F00797E80 /* PBXContainerItemProxy */;
		};
/* End PBXTargetDependency section */

/* Begin PBXVariantGroup section */
		854B62B124E2445C00797E80 /* Main.storyboard */ = {
			isa = PBXVariantGroup;
			children = (
				854B62B224E2445C00797E80 /* Base */,
			);
			name = Main.storyboard;
			sourceTree = "<group>";
		};
		854B62B624E2445F00797E80 /* LaunchScreen.storyboard */ = {
			isa = PBXVariantGroup;
			children = (
				854B62B724E2445F00797E80 /* Base */,
			);
			name = LaunchScreen.storyboard;
			sourceTree = "<group>";
		};
/* End PBXVariantGroup section */

/* Begin XCBuildConfiguration section */
		854B62D224E2445F00797E80 /* Debug */ = {
			isa = XCBuildConfiguration;
			buildSettings = {
				ALWAYS_SEARCH_USER_PATHS = NO;
				CLANG_ANALYZER_NONNULL = YES;
				CLANG_ANALYZER_NUMBER_OBJECT_CONVERSION = YES_AGGRESSIVE;
				CLANG_CXX_LANGUAGE_STANDARD = "gnu++14";
				CLANG_CXX_LIBRARY = "libc++";
				CLANG_ENABLE_MODULES = YES;
				CLANG_ENABLE_OBJC_ARC = YES;
				CLANG_ENABLE_OBJC_WEAK = YES;
				CLANG_WARN_BLOCK_CAPTURE_AUTORELEASING = YES;
				CLANG_WARN_BOOL_CONVERSION = YES;
				CLANG_WARN_COMMA = YES;
				CLANG_WARN_CONSTANT_CONVERSION = YES;
				CLANG_WARN_DEPRECATED_OBJC_IMPLEMENTATIONS = YES;
				CLANG_WARN_DIRECT_OBJC_ISA_USAGE = YES_ERROR;
				CLANG_WARN_DOCUMENTATION_COMMENTS = YES;
				CLANG_WARN_EMPTY_BODY = YES;
				CLANG_WARN_ENUM_CONVERSION = YES;
				CLANG_WARN_INFINITE_RECURSION = YES;
				CLANG_WARN_INT_CONVERSION = YES;
				CLANG_WARN_NON_LITERAL_NULL_CONVERSION = YES;
				CLANG_WARN_OBJC_IMPLICIT_RETAIN_SELF = YES;
				CLANG_WARN_OBJC_LITERAL_CONVERSION = YES;
				CLANG_WARN_OBJC_ROOT_CLASS = YES_ERROR;
				CLANG_WARN_RANGE_LOOP_ANALYSIS = YES;
				CLANG_WARN_STRICT_PROTOTYPES = YES;
				CLANG_WARN_SUSPICIOUS_MOVE = YES;
				CLANG_WARN_UNGUARDED_AVAILABILITY = YES_AGGRESSIVE;
				CLANG_WARN_UNREACHABLE_CODE = YES;
				CLANG_WARN__DUPLICATE_METHOD_MATCH = YES;
				COPY_PHASE_STRIP = NO;
				DEBUG_INFORMATION_FORMAT = dwarf;
				ENABLE_STRICT_OBJC_MSGSEND = YES;
				ENABLE_TESTABILITY = YES;
				GCC_C_LANGUAGE_STANDARD = gnu11;
				GCC_DYNAMIC_NO_PIC = NO;
				GCC_NO_COMMON_BLOCKS = YES;
				GCC_OPTIMIZATION_LEVEL = 0;
				GCC_PREPROCESSOR_DEFINITIONS = (
					"DEBUG=1",
					"$(inherited)",
				);
				GCC_WARN_64_TO_32_BIT_CONVERSION = YES;
				GCC_WARN_ABOUT_RETURN_TYPE = YES_ERROR;
				GCC_WARN_UNDECLARED_SELECTOR = YES;
				GCC_WARN_UNINITIALIZED_AUTOS = YES_AGGRESSIVE;
				GCC_WARN_UNUSED_FUNCTION = YES;
				GCC_WARN_UNUSED_VARIABLE = YES;
				IPHONEOS_DEPLOYMENT_TARGET = 13.6;
				MTL_ENABLE_DEBUG_INFO = INCLUDE_SOURCE;
				MTL_FAST_MATH = YES;
				ONLY_ACTIVE_ARCH = YES;
				SDKROOT = iphoneos;
			};
			name = Debug;
		};
		854B62D324E2445F00797E80 /* Release */ = {
			isa = XCBuildConfiguration;
			buildSettings = {
				ALWAYS_SEARCH_USER_PATHS = NO;
				CLANG_ANALYZER_NONNULL = YES;
				CLANG_ANALYZER_NUMBER_OBJECT_CONVERSION = YES_AGGRESSIVE;
				CLANG_CXX_LANGUAGE_STANDARD = "gnu++14";
				CLANG_CXX_LIBRARY = "libc++";
				CLANG_ENABLE_MODULES = YES;
				CLANG_ENABLE_OBJC_ARC = YES;
				CLANG_ENABLE_OBJC_WEAK = YES;
				CLANG_WARN_BLOCK_CAPTURE_AUTORELEASING = YES;
				CLANG_WARN_BOOL_CONVERSION = YES;
				CLANG_WARN_COMMA = YES;
				CLANG_WARN_CONSTANT_CONVERSION = YES;
				CLANG_WARN_DEPRECATED_OBJC_IMPLEMENTATIONS = YES;
				CLANG_WARN_DIRECT_OBJC_ISA_USAGE = YES_ERROR;
				CLANG_WARN_DOCUMENTATION_COMMENTS = YES;
				CLANG_WARN_EMPTY_BODY = YES;
				CLANG_WARN_ENUM_CONVERSION = YES;
				CLANG_WARN_INFINITE_RECURSION = YES;
				CLANG_WARN_INT_CONVERSION = YES;
				CLANG_WARN_NON_LITERAL_NULL_CONVERSION = YES;
				CLANG_WARN_OBJC_IMPLICIT_RETAIN_SELF = YES;
				CLANG_WARN_OBJC_LITERAL_CONVERSION = YES;
				CLANG_WARN_OBJC_ROOT_CLASS = YES_ERROR;
				CLANG_WARN_RANGE_LOOP_ANALYSIS = YES;
				CLANG_WARN_STRICT_PROTOTYPES = YES;
				CLANG_WARN_SUSPICIOUS_MOVE = YES;
				CLANG_WARN_UNGUARDED_AVAILABILITY = YES_AGGRESSIVE;
				CLANG_WARN_UNREACHABLE_CODE = YES;
				CLANG_WARN__DUPLICATE_METHOD_MATCH = YES;
				COPY_PHASE_STRIP = NO;
				DEBUG_INFORMATION_FORMAT = "dwarf-with-dsym";
				ENABLE_NS_ASSERTIONS = NO;
				ENABLE_STRICT_OBJC_MSGSEND = YES;
				GCC_C_LANGUAGE_STANDARD = gnu11;
				GCC_NO_COMMON_BLOCKS = YES;
				GCC_WARN_64_TO_32_BIT_CONVERSION = YES;
				GCC_WARN_ABOUT_RETURN_TYPE = YES_ERROR;
				GCC_WARN_UNDECLARED_SELECTOR = YES;
				GCC_WARN_UNINITIALIZED_AUTOS = YES_AGGRESSIVE;
				GCC_WARN_UNUSED_FUNCTION = YES;
				GCC_WARN_UNUSED_VARIABLE = YES;
				IPHONEOS_DEPLOYMENT_TARGET = 13.6;
				MTL_ENABLE_DEBUG_INFO = NO;
				MTL_FAST_MATH = YES;
				SDKROOT = iphoneos;
				VALIDATE_PRODUCT = YES;
			};
			name = Release;
		};
		854B62D524E2445F00797E80 /* Debug */ = {
			isa = XCBuildConfiguration;
			baseConfigurationReference = 1F159CB382A95EE319D56C83 /* Pods-IOS_UI.debug.xcconfig */;
			buildSettings = {
				ASSETCATALOG_COMPILER_APPICON_NAME = AppIcon;
				CODE_SIGN_STYLE = Automatic;
				DEVELOPMENT_TEAM = W8SMQ4BD53;
				INFOPLIST_FILE = IOS_UI/Info.plist;
				LD_RUNPATH_SEARCH_PATHS = (
					"$(inherited)",
					"@executable_path/Frameworks",
				);
				PRODUCT_BUNDLE_IDENTIFIER = "com.uiview.xmt.IOS-UI";
				PRODUCT_NAME = "$(TARGET_NAME)";
				TARGETED_DEVICE_FAMILY = "1,2";
			};
			name = Debug;
		};
		854B62D624E2445F00797E80 /* Release */ = {
			isa = XCBuildConfiguration;
			baseConfigurationReference = 2664A078F4BA8F8718E712F8 /* Pods-IOS_UI.release.xcconfig */;
			buildSettings = {
				ASSETCATALOG_COMPILER_APPICON_NAME = AppIcon;
				CODE_SIGN_STYLE = Automatic;
				DEVELOPMENT_TEAM = W8SMQ4BD53;
				INFOPLIST_FILE = IOS_UI/Info.plist;
				LD_RUNPATH_SEARCH_PATHS = (
					"$(inherited)",
					"@executable_path/Frameworks",
				);
				PRODUCT_BUNDLE_IDENTIFIER = "com.uiview.xmt.IOS-UI";
				PRODUCT_NAME = "$(TARGET_NAME)";
				TARGETED_DEVICE_FAMILY = "1,2";
			};
			name = Release;
		};
		854B62D824E2445F00797E80 /* Debug */ = {
			isa = XCBuildConfiguration;
			baseConfigurationReference = BB245E5707667E0517D06E6C /* Pods-IOS_UITests.debug.xcconfig */;
			buildSettings = {
				BUNDLE_LOADER = "$(TEST_HOST)";
				CODE_SIGN_STYLE = Automatic;
				DEVELOPMENT_TEAM = W8SMQ4BD53;
				INFOPLIST_FILE = IOS_UITests/Info.plist;
				IPHONEOS_DEPLOYMENT_TARGET = 13.6;
				LD_RUNPATH_SEARCH_PATHS = (
					"$(inherited)",
					"@executable_path/Frameworks",
					"@loader_path/Frameworks",
				);
				PRODUCT_BUNDLE_IDENTIFIER = "com.uiview.xmt.IOS-UITests";
				PRODUCT_NAME = "$(TARGET_NAME)";
				TARGETED_DEVICE_FAMILY = "1,2";
				TEST_HOST = "$(BUILT_PRODUCTS_DIR)/IOS_UI.app/IOS_UI";
			};
			name = Debug;
		};
		854B62D924E2445F00797E80 /* Release */ = {
			isa = XCBuildConfiguration;
			baseConfigurationReference = DBE12FE60DAB06952DEB373C /* Pods-IOS_UITests.release.xcconfig */;
			buildSettings = {
				BUNDLE_LOADER = "$(TEST_HOST)";
				CODE_SIGN_STYLE = Automatic;
				DEVELOPMENT_TEAM = W8SMQ4BD53;
				INFOPLIST_FILE = IOS_UITests/Info.plist;
				IPHONEOS_DEPLOYMENT_TARGET = 13.6;
				LD_RUNPATH_SEARCH_PATHS = (
					"$(inherited)",
					"@executable_path/Frameworks",
					"@loader_path/Frameworks",
				);
				PRODUCT_BUNDLE_IDENTIFIER = "com.uiview.xmt.IOS-UITests";
				PRODUCT_NAME = "$(TARGET_NAME)";
				TARGETED_DEVICE_FAMILY = "1,2";
				TEST_HOST = "$(BUILT_PRODUCTS_DIR)/IOS_UI.app/IOS_UI";
			};
			name = Release;
		};
		854B62DB24E2445F00797E80 /* Debug */ = {
			isa = XCBuildConfiguration;
			baseConfigurationReference = E9A64BACC82B159FC56DF03C /* Pods-IOS_UI-IOS_UIUITests.debug.xcconfig */;
			buildSettings = {
				CODE_SIGN_STYLE = Automatic;
				DEVELOPMENT_TEAM = W8SMQ4BD53;
				INFOPLIST_FILE = IOS_UIUITests/Info.plist;
				LD_RUNPATH_SEARCH_PATHS = (
					"$(inherited)",
					"@executable_path/Frameworks",
					"@loader_path/Frameworks",
				);
				PRODUCT_BUNDLE_IDENTIFIER = "com.uiview.xmt.IOS-UIUITests";
				PRODUCT_NAME = "$(TARGET_NAME)";
				TARGETED_DEVICE_FAMILY = "1,2";
				TEST_TARGET_NAME = IOS_UI;
			};
			name = Debug;
		};
		854B62DC24E2445F00797E80 /* Release */ = {
			isa = XCBuildConfiguration;
			baseConfigurationReference = 8E7461B101C1D2A16345AF99 /* Pods-IOS_UI-IOS_UIUITests.release.xcconfig */;
			buildSettings = {
				CODE_SIGN_STYLE = Automatic;
				DEVELOPMENT_TEAM = W8SMQ4BD53;
				INFOPLIST_FILE = IOS_UIUITests/Info.plist;
				LD_RUNPATH_SEARCH_PATHS = (
					"$(inherited)",
					"@executable_path/Frameworks",
					"@loader_path/Frameworks",
				);
				PRODUCT_BUNDLE_IDENTIFIER = "com.uiview.xmt.IOS-UIUITests";
				PRODUCT_NAME = "$(TARGET_NAME)";
				TARGETED_DEVICE_FAMILY = "1,2";
				TEST_TARGET_NAME = IOS_UI;
			};
			name = Release;
		};
/* End XCBuildConfiguration section */

/* Begin XCConfigurationList section */
		854B62A024E2445C00797E80 /* Build configuration list for PBXProject "IOS_UI" */ = {
			isa = XCConfigurationList;
			buildConfigurations = (
				854B62D224E2445F00797E80 /* Debug */,
				854B62D324E2445F00797E80 /* Release */,
			);
			defaultConfigurationIsVisible = 0;
			defaultConfigurationName = Release;
		};
		854B62D424E2445F00797E80 /* Build configuration list for PBXNativeTarget "IOS_UI" */ = {
			isa = XCConfigurationList;
			buildConfigurations = (
				854B62D524E2445F00797E80 /* Debug */,
				854B62D624E2445F00797E80 /* Release */,
			);
			defaultConfigurationIsVisible = 0;
			defaultConfigurationName = Release;
		};
		854B62D724E2445F00797E80 /* Build configuration list for PBXNativeTarget "IOS_UITests" */ = {
			isa = XCConfigurationList;
			buildConfigurations = (
				854B62D824E2445F00797E80 /* Debug */,
				854B62D924E2445F00797E80 /* Release */,
			);
			defaultConfigurationIsVisible = 0;
			defaultConfigurationName = Release;
		};
		854B62DA24E2445F00797E80 /* Build configuration list for PBXNativeTarget "IOS_UIUITests" */ = {
			isa = XCConfigurationList;
			buildConfigurations = (
				854B62DB24E2445F00797E80 /* Debug */,
				854B62DC24E2445F00797E80 /* Release */,
			);
			defaultConfigurationIsVisible = 0;
			defaultConfigurationName = Release;
		};
/* End XCConfigurationList section */
	};
	rootObject = 854B629D24E2445C00797E80 /* Project object */;
}
